
Microsoft Visual Studio Solution File, Format Version 12.00
# Visual Studio Version 17
VisualStudioVersion = 17.6.33829.357
MinimumVisualStudioVersion = 10.0.40219.1
Project("{2150E333-8FDC-42A3-9474-1A3956D46DE8}") = "Src", "Src", "{81616EAF-81A5-4312-BFC7-BA3BC763B141}"
EndProject
Project("{2150E333-8FDC-42A3-9474-1A3956D46DE8}") = "Tests", "Tests", "{288F3B09-D7A8-4401-AA8E-0597F3011D3A}"
EndProject
Project("{9A19103F-16F7-4668-BE54-9A1E7A4F7556}") = "ProductManagement.Application", "Src\ProductManagement.Application\ProductManagement.Application.csproj", "{2B082598-B61C-41E8-8119-723648765B70}"
EndProject
Project("{9A19103F-16F7-4668-BE54-9A1E7A4F7556}") = "ProductManagement.Domain", "Src\ProductManagement.Domain\ProductManagement.Domain.csproj", "{228281E8-041B-45E7-B382-21B4F28AA0C8}"
EndProject
Project("{9A19103F-16F7-4668-BE54-9A1E7A4F7556}") = "ProductManagement.WebApi", "Src\ProductManagement.WebApi\ProductManagement.WebApi.csproj", "{F85CA371-6569-4356-94DB-95CE63B1233D}"
EndProject
Project("{9A19103F-16F7-4668-BE54-9A1E7A4F7556}") = "ProductManagement.UnitTests", "Tests\ProductManagement.UnitTests\ProductManagement.UnitTests.csproj", "{14DC7418-2F4A-4B92-AE6E-DE8FDBB36431}"
EndProject
Project("{9A19103F-16F7-4668-BE54-9A1E7A4F7556}") = "ProductManagement.AccptanceTests", "Tests\ProductManagement.AccptanceTests\ProductManagement.AccptanceTests.csproj", "{36A9DC5F-A1CA-4656-91CC-DCFCC1482B37}"
EndProject
Project("{9A19103F-16F7-4668-BE54-9A1E7A4F7556}") = "ProductManagement.Infrastructure", "Src\ProductManagement.Infrastructure\ProductManagement.Infrastructure.csproj", "{6D2A90D1-7E1A-440B-8DA5-C858E0FCB99B}"
EndProject
Global
	GlobalSection(SolutionConfigurationPlatforms) = preSolution
		Debug|Any CPU = Debug|Any CPU
		Release|Any CPU = Release|Any CPU
	EndGlobalSection
	GlobalSection(ProjectConfigurationPlatforms) = postSolution
		{2B082598-B61C-41E8-8119-723648765B70}.Debug|Any CPU.ActiveCfg = Debug|Any CPU
		{2B082598-B61C-41E8-8119-723648765B70}.Debug|Any CPU.Build.0 = Debug|Any CPU
		{2B082598-B61C-41E8-8119-723648765B70}.Release|Any CPU.ActiveCfg = Release|Any CPU
		{2B082598-B61C-41E8-8119-723648765B70}.Release|Any CPU.Build.0 = Release|Any CPU
		{228281E8-041B-45E7-B382-21B4F28AA0C8}.Debug|Any CPU.ActiveCfg = Debug|Any CPU
		{228281E8-041B-45E7-B382-21B4F28AA0C8}.Debug|Any CPU.Build.0 = Debug|Any CPU
		{228281E8-041B-45E7-B382-21B4F28AA0C8}.Release|Any CPU.ActiveCfg = Release|Any CPU
		{228281E8-041B-45E7-B382-21B4F28AA0C8}.Release|Any CPU.Build.0 = Release|Any CPU
		{F85CA371-6569-4356-94DB-95CE63B1233D}.Debug|Any CPU.ActiveCfg = Debug|Any CPU
		{F85CA371-6569-4356-94DB-95CE63B1233D}.Debug|Any CPU.Build.0 = Debug|Any CPU
		{F85CA371-6569-4356-94DB-95CE63B1233D}.Release|Any CPU.ActiveCfg = Release|Any CPU
		{F85CA371-6569-4356-94DB-95CE63B1233D}.Release|Any CPU.Build.0 = Release|Any CPU
		{14DC7418-2F4A-4B92-AE6E-DE8FDBB36431}.Debug|Any CPU.ActiveCfg = Debug|Any CPU
		{14DC7418-2F4A-4B92-AE6E-DE8FDBB36431}.Debug|Any CPU.Build.0 = Debug|Any CPU
		{14DC7418-2F4A-4B92-AE6E-DE8FDBB36431}.Release|Any CPU.ActiveCfg = Release|Any CPU
		{14DC7418-2F4A-4B92-AE6E-DE8FDBB36431}.Release|Any CPU.Build.0 = Release|Any CPU
		{36A9DC5F-A1CA-4656-91CC-DCFCC1482B37}.Debug|Any CPU.ActiveCfg = Debug|Any CPU
		{36A9DC5F-A1CA-4656-91CC-DCFCC1482B37}.Debug|Any CPU.Build.0 = Debug|Any CPU
		{36A9DC5F-A1CA-4656-91CC-DCFCC1482B37}.Release|Any CPU.ActiveCfg = Release|Any CPU
		{36A9DC5F-A1CA-4656-91CC-DCFCC1482B37}.Release|Any CPU.Build.0 = Release|Any CPU
		{6D2A90D1-7E1A-440B-8DA5-C858E0FCB99B}.Debug|Any CPU.ActiveCfg = Debug|Any CPU
		{6D2A90D1-7E1A-440B-8DA5-C858E0FCB99B}.Debug|Any CPU.Build.0 = Debug|Any CPU
		{6D2A90D1-7E1A-440B-8DA5-C858E0FCB99B}.Release|Any CPU.ActiveCfg = Release|Any CPU
		{6D2A90D1-7E1A-440B-8DA5-C858E0FCB99B}.Release|Any CPU.Build.0 = Release|Any CPU
	EndGlobalSection
	GlobalSection(SolutionProperties) = preSolution
		HideSolutionNode = FALSE
	EndGlobalSection
	GlobalSection(NestedProjects) = preSolution
		{2B082598-B61C-41E8-8119-723648765B70} = {81616EAF-81A5-4312-BFC7-BA3BC763B141}
		{228281E8-041B-45E7-B382-21B4F28AA0C8} = {81616EAF-81A5-4312-BFC7-BA3BC763B141}
		{F85CA371-6569-4356-94DB-95CE63B1233D} = {81616EAF-81A5-4312-BFC7-BA3BC763B141}
		{14DC7418-2F4A-4B92-AE6E-DE8FDBB36431} = {288F3B09-D7A8-4401-AA8E-0597F3011D3A}
		{36A9DC5F-A1CA-4656-91CC-DCFCC1482B37} = {288F3B09-D7A8-4401-AA8E-0597F3011D3A}
		{6D2A90D1-7E1A-440B-8DA5-C858E0FCB99B} = {81616EAF-81A5-4312-BFC7-BA3BC763B141}
	EndGlobalSection
	GlobalSection(ExtensibilityGlobals) = postSolution
		SolutionGuid = {ED397851-942A-4994-BA20-EB4717B7A7A1}
	EndGlobalSection
EndGlobal
